// !$*UTF8*$!
{
	archiveVersion = 1;
	classes = {
	};
	objectVersion = 46;
	objects = {

/* Begin PBXBuildFile section */
		28E12F6F1B025D9500BB2F73 /* main.m in Sources */ = {isa = PBXBuildFile; fileRef = 28E12F6E1B025D9500BB2F73 /* main.m */; };
		28E12F721B025D9500BB2F73 /* AppDelegate.m in Sources */ = {isa = PBXBuildFile; fileRef = 28E12F711B025D9500BB2F73 /* AppDelegate.m */; };
		28E12F751B025D9500BB2F73 /* ViewController.m in Sources */ = {isa = PBXBuildFile; fileRef = 28E12F741B025D9500BB2F73 /* ViewController.m */; };
		28E12F781B025D9500BB2F73 /* Main.storyboard in Resources */ = {isa = PBXBuildFile; fileRef = 28E12F761B025D9500BB2F73 /* Main.storyboard */; };
		28E12F7A1B025D9500BB2F73 /* Images.xcassets in Resources */ = {isa = PBXBuildFile; fileRef = 28E12F791B025D9500BB2F73 /* Images.xcassets */; };
		28E12F7D1B025D9500BB2F73 /* LaunchScreen.xib in Resources */ = {isa = PBXBuildFile; fileRef = 28E12F7B1B025D9500BB2F73 /* LaunchScreen.xib */; };
		28E12F891B025D9500BB2F73 /* testgitTests.m in Sources */ = {isa = PBXBuildFile; fileRef = 28E12F881B025D9500BB2F73 /* testgitTests.m */; };
/* End PBXBuildFile section */

/* Begin PBXContainerItemProxy section */
		28E12F831B025D9500BB2F73 /* PBXContainerItemProxy */ = {
			isa = PBXContainerItemProxy;
			containerPortal = 28E12F611B025D9500BB2F73 /* Project object */;
			proxyType = 1;
			remoteGlobalIDString = 28E12F681B025D9500BB2F73;
			remoteInfo = testgit;
		};
/* End PBXContainerItemProxy section */

/* Begin PBXFileReference section */
		28E12F691B025D9500BB2F73 /* testgit.app */ = {isa = PBXFileReference; explicitFileType = wrapper.application; includeInIndex = 0; path = testgit.app; sourceTree = BUILT_PRODUCTS_DIR; };
		28E12F6D1B025D9500BB2F73 /* Info.plist */ = {isa = PBXFileReference; lastKnownFileType = text.plist.xml; path = Info.plist; sourceTree = "<group>"; };
		28E12F6E1B025D9500BB2F73 /* main.m */ = {isa = PBXFileReference; lastKnownFileType = sourcecode.c.objc; path = main.m; sourceTree = "<group>"; };
		28E12F701B025D9500BB2F73 /* AppDelegate.h */ = {isa = PBXFileReference; lastKnownFileType = sourcecode.c.h; path = AppDelegate.h; sourceTree = "<group>"; };
		28E12F711B025D9500BB2F73 /* AppDelegate.m */ = {isa = PBXFileReference; lastKnownFileType = sourcecode.c.objc; path = AppDelegate.m; sourceTree = "<group>"; };
		28E12F731B025D9500BB2F73 /* ViewController.h */ = {isa = PBXFileReference; lastKnownFileType = sourcecode.c.h; path = ViewController.h; sourceTree = "<group>"; };
		28E12F741B025D9500BB2F73 /* ViewController.m */ = {isa = PBXFileReference; lastKnownFileType = sourcecode.c.objc; path = ViewController.m; sourceTree = "<group>"; };
		28E12F771B025D9500BB2F73 /* Base */ = {isa = PBXFileReference; lastKnownFileType = file.storyboard; name = Base; path = Base.lproj/Main.storyboard; sourceTree = "<group>"; };
		28E12F791B025D9500BB2F73 /* Images.xcassets */ = {isa = PBXFileReference; lastKnownFileType = folder.assetcatalog; path = Images.xcassets; sourceTree = "<group>"; };
		28E12F7C1B025D9500BB2F73 /* Base */ = {isa = PBXFileReference; lastKnownFileType = file.xib; name = Base; path = Base.lproj/LaunchScreen.xib; sourceTree = "<group>"; };
		28E12F821B025D9500BB2F73 /* testgitTests.xctest */ = {isa = PBXFileReference; explicitFileType = wrapper.cfbundle; includeInIndex = 0; path = testgitTests.xctest; sourceTree = BUILT_PRODUCTS_DIR; };
		28E12F871B025D9500BB2F73 /* Info.plist */ = {isa = PBXFileReference; lastKnownFileType = text.plist.xml; path = Info.plist; sourceTree = "<group>"; };
		28E12F881B025D9500BB2F73 /* testgitTests.m */ = {isa = PBXFileReference; lastKnownFileType = sourcecode.c.objc; path = testgitTests.m; sourceTree = "<group>"; };
/* End PBXFileReference section */

/* Begin PBXFrameworksBuildPhase section */
		28E12F661B025D9500BB2F73 /* Frameworks */ = {
			isa = PBXFrameworksBuildPhase;
			buildActionMask = 2147483647;
			files = (
			);
			runOnlyForDeploymentPostprocessing = 0;
		};
		28E12F7F1B025D9500BB2F73 /* Frameworks */ = {
			isa = PBXFrameworksBuildPhase;
			buildActionMask = 2147483647;
			files = (
			);
			runOnlyForDeploymentPostprocessing = 0;
		};
/* End PBXFrameworksBuildPhase section */

/* Begin PBXGroup section */
		28E12F601B025D9500BB2F73 = {
			isa = PBXGroup;
			children = (
				28E12F6B1B025D9500BB2F73 /* testgit */,
				28E12F851B025D9500BB2F73 /* testgitTests */,
				28E12F6A1B025D9500BB2F73 /* Products */,
			);
			sourceTree = "<group>";
		};
		28E12F6A1B025D9500BB2F73 /* Products */ = {
			isa = PBXGroup;
			children = (
				28E12F691B025D9500BB2F73 /* testgit.app */,
				28E12F821B025D9500BB2F73 /* testgitTests.xctest */,
			);
			name = Products;
			sourceTree = "<group>";
		};
		28E12F6B1B025D9500BB2F73 /* testgit */ = {
			isa = PBXGroup;
			children = (
				28E12F701B025D9500BB2F73 /* AppDelegate.h */,
				28E12F711B025D9500BB2F73 /* AppDelegate.m */,
				28E12F731B025D9500BB2F73 /* ViewController.h */,
				28E12F741B025D9500BB2F73 /* ViewController.m */,
				28E12F761B025D9500BB2F73 /* Main.storyboard */,
				28E12F791B025D9500BB2F73 /* Images.xcassets */,
				28E12F7B1B025D9500BB2F73 /* LaunchScreen.xib */,
				28E12F6C1B025D9500BB2F73 /* Supporting Files */,
			);
			path = testgit;
			sourceTree = "<group>";
		};
		28E12F6C1B025D9500BB2F73 /* Supporting Files */ = {
			isa = PBXGroup;
			children = (
				28E12F6D1B025D9500BB2F73 /* Info.plist */,
				28E12F6E1B025D9500BB2F73 /* main.m */,
			);
			name = "Supporting Files";
			sourceTree = "<group>";
		};
		28E12F851B025D9500BB2F73 /* testgitTests */ = {
			isa = PBXGroup;
			children = (
				28E12F881B025D9500BB2F73 /* testgitTests.m */,
				28E12F861B025D9500BB2F73 /* Supporting Files */,
			);
			path = testgitTests;
			sourceTree = "<group>";
		};
		28E12F861B025D9500BB2F73 /* Supporting Files */ = {
			isa = PBXGroup;
			children = (
				28E12F871B025D9500BB2F73 /* Info.plist */,
			);
			name = "Supporting Files";
			sourceTree = "<group>";
		};
/* End PBXGroup section */

/* Begin PBXNativeTarget section */
		28E12F681B025D9500BB2F73 /* testgit */ = {
			isa = PBXNativeTarget;
			buildConfigurationList = 28E12F8C1B025D9500BB2F73 /* Build configuration list for PBXNativeTarget "testgit" */;
			buildPhases = (
				28E12F651B025D9500BB2F73 /* Sources */,
				28E12F661B025D9500BB2F73 /* Frameworks */,
				28E12F671B025D9500BB2F73 /* Resources */,
			);
			buildRules = (
			);
			dependencies = (
			);
			name = testgit;
			productName = testgit;
			productReference = 28E12F691B025D9500BB2F73 /* testgit.app */;
			productType = "com.apple.product-type.application";
		};
		28E12F811B025D9500BB2F73 /* testgitTests */ = {
			isa = PBXNativeTarget;
			buildConfigurationList = 28E12F8F1B025D9500BB2F73 /* Build configuration list for PBXNativeTarget "testgitTests" */;
			buildPhases = (
				28E12F7E1B025D9500BB2F73 /* Sources */,
				28E12F7F1B025D9500BB2F73 /* Frameworks */,
				28E12F801B025D9500BB2F73 /* Resources */,
			);
			buildRules = (
			);
			dependencies = (
				28E12F841B025D9500BB2F73 /* PBXTargetDependency */,
			);
			name = testgitTests;
			productName = testgitTests;
			productReference = 28E12F821B025D9500BB2F73 /* testgitTests.xctest */;
			productType = "com.apple.product-type.bundle.unit-test";
		};
/* End PBXNativeTarget section */

/* Begin PBXProject section */
		28E12F611B025D9500BB2F73 /* Project object */ = {
			isa = PBXProject;
			attributes = {
				LastUpgradeCheck = 0610;
				ORGANIZATIONNAME = ksy;
				TargetAttributes = {
					28E12F681B025D9500BB2F73 = {
						CreatedOnToolsVersion = 6.1;
					};
					28E12F811B025D9500BB2F73 = {
						CreatedOnToolsVersion = 6.1;
						TestTargetID = 28E12F681B025D9500BB2F73;
					};
				};
			};
			buildConfigurationList = 28E12F641B025D9500BB2F73 /* Build configuration list for PBXProject "testgit" */;
			compatibilityVersion = "Xcode 3.2";
			developmentRegion = English;
			hasScannedForEncodings = 0;
			knownRegions = (
				en,
				Base,
			);
			mainGroup = 28E12F601B025D9500BB2F73;
			productRefGroup = 28E12F6A1B025D9500BB2F73 /* Products */;
			projectDirPath = "";
			projectRoot = "";
			targets = (
				28E12F681B025D9500BB2F73 /* testgit */,
				28E12F811B025D9500BB2F73 /* testgitTests */,
			);
		};
/* End PBXProject section */

/* Begin PBXResourcesBuildPhase section */
		28E12F671B025D9500BB2F73 /* Resources */ = {
			isa = PBXResourcesBuildPhase;
			buildActionMask = 2147483647;
			files = (
				28E12F781B025D9500BB2F73 /* Main.storyboard in Resources */,
				28E12F7D1B025D9500BB2F73 /* LaunchScreen.xib in Resources */,
				28E12F7A1B025D9500BB2F73 /* Images.xcassets in Resources */,
			);
			runOnlyForDeploymentPostprocessing = 0;
		};
		28E12F801B025D9500BB2F73 /* Resources */ = {
			isa = PBXResourcesBuildPhase;
			buildActionMask = 2147483647;
			files = (
			);
			runOnlyForDeploymentPostprocessing = 0;
		};
/* End PBXResourcesBuildPhase section */

/* Begin PBXSourcesBuildPhase section */
		28E12F651B025D9500BB2F73 /* Sources */ = {
			isa = PBXSourcesBuildPhase;
			buildActionMask = 2147483647;
			files = (
				28E12F751B025D9500BB2F73 /* ViewController.m in Sources */,
				28E12F721B025D9500BB2F73 /* AppDelegate.m in Sources */,
				28E12F6F1B025D9500BB2F73 /* main.m in Sources */,
			);
			runOnlyForDeploymentPostprocessing = 0;
		};
		28E12F7E1B025D9500BB2F73 /* Sources */ = {
			isa = PBXSourcesBuildPhase;
			buildActionMask = 2147483647;
			files = (
				28E12F891B025D9500BB2F73 /* testgitTests.m in Sources */,
			);
			runOnlyForDeploymentPostprocessing = 0;
		};
/* End PBXSourcesBuildPhase section */

/* Begin PBXTargetDependency section */
		28E12F841B025D9500BB2F73 /* PBXTargetDependency */ = {
			isa = PBXTargetDependency;
			target = 28E12F681B025D9500BB2F73 /* testgit */;
			targetProxy = 28E12F831B025D9500BB2F73 /* PBXContainerItemProxy */;
		};
/* End PBXTargetDependency section */

/* Begin PBXVariantGroup section */
		28E12F761B025D9500BB2F73 /* Main.storyboard */ = {
			isa = PBXVariantGroup;
			children = (
				28E12F771B025D9500BB2F73 /* Base */,
			);
			name = Main.storyboard;
			sourceTree = "<group>";
		};
		28E12F7B1B025D9500BB2F73 /* LaunchScreen.xib */ = {
			isa = PBXVariantGroup;
			children = (
				28E12F7C1B025D9500BB2F73 /* Base */,
			);
			name = LaunchScreen.xib;
			sourceTree = "<group>";
		};
/* End PBXVariantGroup section */

/* Begin XCBuildConfiguration section */
		28E12F8A1B025D9500BB2F73 /* Debug */ = {
			isa = XCBuildConfiguration;
			buildSettings = {
				ALWAYS_SEARCH_USER_PATHS = NO;
				CLANG_CXX_LANGUAGE_STANDARD = "gnu++0x";
				CLANG_CXX_LIBRARY = "libc++";
				CLANG_ENABLE_MODULES = YES;
				CLANG_ENABLE_OBJC_ARC = YES;
				CLANG_WARN_BOOL_CONVERSION = YES;
				CLANG_WARN_CONSTANT_CONVERSION = YES;
				CLANG_WARN_DIRECT_OBJC_ISA_USAGE = YES_ERROR;
				CLANG_WARN_EMPTY_BODY = YES;
				CLANG_WARN_ENUM_CONVERSION = YES;
				CLANG_WARN_INT_CONVERSION = YES;
				CLANG_WARN_OBJC_ROOT_CLASS = YES_ERROR;
				CLANG_WARN_UNREACHABLE_CODE = YES;
				CLANG_WARN__DUPLICATE_METHOD_MATCH = YES;
				"CODE_SIGN_IDENTITY[sdk=iphoneos*]" = "iPhone Developer";
				COPY_PHASE_STRIP = NO;
				ENABLE_STRICT_OBJC_MSGSEND = YES;
				GCC_C_LANGUAGE_STANDARD = gnu99;
				GCC_DYNAMIC_NO_PIC = NO;
				GCC_OPTIMIZATION_LEVEL = 0;
				GCC_PREPROCESSOR_DEFINITIONS = (
					"DEBUG=1",
					"$(inherited)",
				);
				GCC_SYMBOLS_PRIVATE_EXTERN = NO;
				GCC_WARN_64_TO_32_BIT_CONVERSION = YES;
				GCC_WARN_ABOUT_RETURN_TYPE = YES_ERROR;
				GCC_WARN_UNDECLARED_SELECTOR = YES;
				GCC_WARN_UNINITIALIZED_AUTOS = YES_AGGRESSIVE;
				GCC_WARN_UNUSED_FUNCTION = YES;
				GCC_WARN_UNUSED_VARIABLE = YES;
				IPHONEOS_DEPLOYMENT_TARGET = 8.1;
				MTL_ENABLE_DEBUG_INFO = YES;
				ONLY_ACTIVE_ARCH = YES;
				SDKROOT = iphoneos;
				TARGETED_DEVICE_FAMILY = "1,2";
			};
			name = Debug;
		};
		28E12F8B1B025D9500BB2F73 /* Release */ = {
			isa = XCBuildConfiguration;
			buildSettings = {
				ALWAYS_SEARCH_USER_PATHS = NO;
				CLANG_CXX_LANGUAGE_STANDARD = "gnu++0x";
				CLANG_CXX_LIBRARY = "libc++";
				CLANG_ENABLE_MODULES = YES;
				CLANG_ENABLE_OBJC_ARC = YES;
				CLANG_WARN_BOOL_CONVERSION = YES;
				CLANG_WARN_CONSTANT_CONVERSION = YES;
				CLANG_WARN_DIRECT_OBJC_ISA_USAGE = YES_ERROR;
				CLANG_WARN_EMPTY_BODY = YES;
				CLANG_WARN_ENUM_CONVERSION = YES;
				CLANG_WARN_INT_CONVERSION = YES;
				CLANG_WARN_OBJC_ROOT_CLASS = YES_ERROR;
				CLANG_WARN_UNREACHABLE_CODE = YES;
				CLANG_WARN__DUPLICATE_METHOD_MATCH = YES;
				"CODE_SIGN_IDENTITY[sdk=iphoneos*]" = "iPhone Developer";
				COPY_PHASE_STRIP = YES;
				ENABLE_NS_ASSERTIONS = NO;
				ENABLE_STRICT_OBJC_MSGSEND = YES;
				GCC_C_LANGUAGE_STANDARD = gnu99;
				GCC_WARN_64_TO_32_BIT_CONVERSION = YES;
				GCC_WARN_ABOUT_RETURN_TYPE = YES_ERROR;
				GCC_WARN_UNDECLARED_SELECTOR = YES;
				GCC_WARN_UNINITIALIZED_AUTOS = YES_AGGRESSIVE;
				GCC_WARN_UNUSED_FUNCTION = YES;
				GCC_WARN_UNUSED_VARIABLE = YES;
				IPHONEOS_DEPLOYMENT_TARGET = 8.1;
				MTL_ENABLE_DEBUG_INFO = NO;
				SDKROOT = iphoneos;
				TARGETED_DEVICE_FAMILY = "1,2";
				VALIDATE_PRODUCT = YES;
			};
			name = Release;
		};
		28E12F8D1B025D9500BB2F73 /* Debug */ = {
			isa = XCBuildConfiguration;
			buildSettings = {
				ASSETCATALOG_COMPILER_APPICON_NAME = AppIcon;
				INFOPLIST_FILE = testgit/Info.plist;
				LD_RUNPATH_SEARCH_PATHS = "$(inherited) @executable_path/Frameworks";
				PRODUCT_NAME = "$(TARGET_NAME)";
			};
			name = Debug;
		};
		28E12F8E1B025D9500BB2F73 /* Release */ = {
			isa = XCBuildConfiguration;
			buildSettings = {
				ASSETCATALOG_COMPILER_APPICON_NAME = AppIcon;
				INFOPLIST_FILE = testgit/Info.plist;
				LD_RUNPATH_SEARCH_PATHS = "$(inherited) @executable_path/Frameworks";
				PRODUCT_NAME = "$(TARGET_NAME)";
			};
			name = Release;
		};
		28E12F901B025D9500BB2F73 /* Debug */ = {
			isa = XCBuildConfiguration;
			buildSettings = {
				BUNDLE_LOADER = "$(TEST_HOST)";
				FRAMEWORK_SEARCH_PATHS = (
					"$(SDKROOT)/Developer/Library/Frameworks",
					"$(inherited)",
				);
				GCC_PREPROCESSOR_DEFINITIONS = (
					"DEBUG=1",
					"$(inherited)",
				);
				INFOPLIST_FILE = testgitTests/Info.plist;
				LD_RUNPATH_SEARCH_PATHS = "$(inherited) @executable_path/Frameworks @loader_path/Frameworks";
				PRODUCT_NAME = "$(TARGET_NAME)";
				TEST_HOST = "$(BUILT_PRODUCTS_DIR)/testgit.app/testgit";
			};
			name = Debug;
		};
		28E12F911B025D9500BB2F73 /* Release */ = {
			isa = XCBuildConfiguration;
			buildSettings = {
				BUNDLE_LOADER = "$(TEST_HOST)";
				FRAMEWORK_SEARCH_PATHS = (
					"$(SDKROOT)/Developer/Library/Frameworks",
					"$(inherited)",
				);
				INFOPLIST_FILE = testgitTests/Info.plist;
				LD_RUNPATH_SEARCH_PATHS = "$(inherited) @executable_path/Frameworks @loader_path/Frameworks";
				PRODUCT_NAME = "$(TARGET_NAME)";
				TEST_HOST = "$(BUILT_PRODUCTS_DIR)/testgit.app/testgit";
			};
			name = Release;
		};
/* End XCBuildConfiguration section */

/* Begin XCConfigurationList section */
		28E12F641B025D9500BB2F73 /* Build configuration list for PBXProject "testgit" */ = {
			isa = XCConfigurationList;
			buildConfigurations = (
				28E12F8A1B025D9500BB2F73 /* Debug */,
				28E12F8B1B025D9500BB2F73 /* Release */,
			);
			defaultConfigurationIsVisible = 0;
			defaultConfigurationName = Release;
		};
		28E12F8C1B025D9500BB2F73 /* Build configuration list for PBXNativeTarget "testgit" */ = {
			isa = XCConfigurationList;
			buildConfigurations = (
				28E12F8D1B025D9500BB2F73 /* Debug */,
				28E12F8E1B025D9500BB2F73 /* Release */,
			);
			defaultConfigurationIsVisible = 0;
		};
		28E12F8F1B025D9500BB2F73 /* Build configuration list for PBXNativeTarget "testgitTests" */ = {
			isa = XCConfigurationList;
			buildConfigurations = (
				28E12F901B025D9500BB2F73 /* Debug */,
				28E12F911B025D9500BB2F73 /* Release */,
			);
			defaultConfigurationIsVisible = 0;
		};
/* End XCConfigurationList section */
	};
	rootObject = 28E12F611B025D9500BB2F73 /* Project object */;
}
